// !$*UTF8*$!
{
	archiveVersion = 1;
	classes = {
	};
	objectVersion = 50;
	objects = {

/* Begin PBXBuildFile section */
		324193C226294890001E5AB4 /* AppDelegate.swift in Sources */ = {isa = PBXBuildFile; fileRef = 324193C126294890001E5AB4 /* AppDelegate.swift */; };
		324193C426294890001E5AB4 /* SceneDelegate.swift in Sources */ = {isa = PBXBuildFile; fileRef = 324193C326294890001E5AB4 /* SceneDelegate.swift */; };
		324193C626294890001E5AB4 /* ViewController.swift in Sources */ = {isa = PBXBuildFile; fileRef = 324193C526294890001E5AB4 /* ViewController.swift */; };
		324193C926294890001E5AB4 /* Main.storyboard in Resources */ = {isa = PBXBuildFile; fileRef = 324193C726294890001E5AB4 /* Main.storyboard */; };
		324193CB2629489E001E5AB4 /* Assets.xcassets in Resources */ = {isa = PBXBuildFile; fileRef = 324193CA2629489E001E5AB4 /* Assets.xcassets */; };
		324193CE2629489E001E5AB4 /* LaunchScreen.storyboard in Resources */ = {isa = PBXBuildFile; fileRef = 324193CC2629489E001E5AB4 /* LaunchScreen.storyboard */; };
		324193D92629489E001E5AB4 /* sketch001Tests.swift in Sources */ = {isa = PBXBuildFile; fileRef = 324193D82629489E001E5AB4 /* sketch001Tests.swift */; };
		324193E42629489E001E5AB4 /* sketch001UITests.swift in Sources */ = {isa = PBXBuildFile; fileRef = 324193E32629489E001E5AB4 /* sketch001UITests.swift */; };
/* End PBXBuildFile section */

/* Begin PBXContainerItemProxy section */
		324193D52629489E001E5AB4 /* PBXContainerItemProxy */ = {
			isa = PBXContainerItemProxy;
			containerPortal = 324193B626294890001E5AB4 /* Project object */;
			proxyType = 1;
			remoteGlobalIDString = 324193BD26294890001E5AB4;
			remoteInfo = sketch001;
		};
		324193E02629489E001E5AB4 /* PBXContainerItemProxy */ = {
			isa = PBXContainerItemProxy;
			containerPortal = 324193B626294890001E5AB4 /* Project object */;
			proxyType = 1;
			remoteGlobalIDString = 324193BD26294890001E5AB4;
			remoteInfo = sketch001;
		};
/* End PBXContainerItemProxy section */

/* Begin PBXFileReference section */
		324193BE26294890001E5AB4 /* sketch001.app */ = {isa = PBXFileReference; explicitFileType = wrapper.application; includeInIndex = 0; path = sketch001.app; sourceTree = BUILT_PRODUCTS_DIR; };
		324193C126294890001E5AB4 /* AppDelegate.swift */ = {isa = PBXFileReference; lastKnownFileType = sourcecode.swift; path = AppDelegate.swift; sourceTree = "<group>"; };
		324193C326294890001E5AB4 /* SceneDelegate.swift */ = {isa = PBXFileReference; lastKnownFileType = sourcecode.swift; path = SceneDelegate.swift; sourceTree = "<group>"; };
		324193C526294890001E5AB4 /* ViewController.swift */ = {isa = PBXFileReference; lastKnownFileType = sourcecode.swift; path = ViewController.swift; sourceTree = "<group>"; };
		324193C826294890001E5AB4 /* Base */ = {isa = PBXFileReference; lastKnownFileType = file.storyboard; name = Base; path = Base.lproj/Main.storyboard; sourceTree = "<group>"; };
		324193CA2629489E001E5AB4 /* Assets.xcassets */ = {isa = PBXFileReference; lastKnownFileType = folder.assetcatalog; path = Assets.xcassets; sourceTree = "<group>"; };
		324193CD2629489E001E5AB4 /* Base */ = {isa = PBXFileReference; lastKnownFileType = file.storyboard; name = Base; path = Base.lproj/LaunchScreen.storyboard; sourceTree = "<group>"; };
		324193CF2629489E001E5AB4 /* Info.plist */ = {isa = PBXFileReference; lastKnownFileType = text.plist.xml; path = Info.plist; sourceTree = "<group>"; };
		324193D42629489E001E5AB4 /* sketch001Tests.xctest */ = {isa = PBXFileReference; explicitFileType = wrapper.cfbundle; includeInIndex = 0; path = sketch001Tests.xctest; sourceTree = BUILT_PRODUCTS_DIR; };
		324193D82629489E001E5AB4 /* sketch001Tests.swift */ = {isa = PBXFileReference; lastKnownFileType = sourcecode.swift; path = sketch001Tests.swift; sourceTree = "<group>"; };
		324193DA2629489E001E5AB4 /* Info.plist */ = {isa = PBXFileReference; lastKnownFileType = text.plist.xml; path = Info.plist; sourceTree = "<group>"; };
		324193DF2629489E001E5AB4 /* sketch001UITests.xctest */ = {isa = PBXFileReference; explicitFileType = wrapper.cfbundle; includeInIndex = 0; path = sketch001UITests.xctest; sourceTree = BUILT_PRODUCTS_DIR; };
		324193E32629489E001E5AB4 /* sketch001UITests.swift */ = {isa = PBXFileReference; lastKnownFileType = sourcecode.swift; path = sketch001UITests.swift; sourceTree = "<group>"; };
		324193E52629489E001E5AB4 /* Info.plist */ = {isa = PBXFileReference; lastKnownFileType = text.plist.xml; path = Info.plist; sourceTree = "<group>"; };
/* End PBXFileReference section */

/* Begin PBXFrameworksBuildPhase section */
		324193BB26294890001E5AB4 /* Frameworks */ = {
			isa = PBXFrameworksBuildPhase;
			buildActionMask = 2147483647;
			files = (
			);
			runOnlyForDeploymentPostprocessing = 0;
		};
		324193D12629489E001E5AB4 /* Frameworks */ = {
			isa = PBXFrameworksBuildPhase;
			buildActionMask = 2147483647;
			files = (
			);
			runOnlyForDeploymentPostprocessing = 0;
		};
		324193DC2629489E001E5AB4 /* Frameworks */ = {
			isa = PBXFrameworksBuildPhase;
			buildActionMask = 2147483647;
			files = (
			);
			runOnlyForDeploymentPostprocessing = 0;
		};
/* End PBXFrameworksBuildPhase section */

/* Begin PBXGroup section */
		324193B526294890001E5AB4 = {
			isa = PBXGroup;
			children = (
				324193C026294890001E5AB4 /* sketch001 */,
				324193D72629489E001E5AB4 /* sketch001Tests */,
				324193E22629489E001E5AB4 /* sketch001UITests */,
				324193BF26294890001E5AB4 /* Products */,
			);
			sourceTree = "<group>";
		};
		324193BF26294890001E5AB4 /* Products */ = {
			isa = PBXGroup;
			children = (
				324193BE26294890001E5AB4 /* sketch001.app */,
				324193D42629489E001E5AB4 /* sketch001Tests.xctest */,
				324193DF2629489E001E5AB4 /* sketch001UITests.xctest */,
			);
			name = Products;
			sourceTree = "<group>";
		};
		324193C026294890001E5AB4 /* sketch001 */ = {
			isa = PBXGroup;
			children = (
				324193C126294890001E5AB4 /* AppDelegate.swift */,
				324193C326294890001E5AB4 /* SceneDelegate.swift */,
				324193C526294890001E5AB4 /* ViewController.swift */,
				324193C726294890001E5AB4 /* Main.storyboard */,
				324193CA2629489E001E5AB4 /* Assets.xcassets */,
				324193CC2629489E001E5AB4 /* LaunchScreen.storyboard */,
				324193CF2629489E001E5AB4 /* Info.plist */,
			);
			path = sketch001;
			sourceTree = "<group>";
		};
		324193D72629489E001E5AB4 /* sketch001Tests */ = {
			isa = PBXGroup;
			children = (
				324193D82629489E001E5AB4 /* sketch001Tests.swift */,
				324193DA2629489E001E5AB4 /* Info.plist */,
			);
			path = sketch001Tests;
			sourceTree = "<group>";
		};
		324193E22629489E001E5AB4 /* sketch001UITests */ = {
			isa = PBXGroup;
			children = (
				324193E32629489E001E5AB4 /* sketch001UITests.swift */,
				324193E52629489E001E5AB4 /* Info.plist */,
			);
			path = sketch001UITests;
			sourceTree = "<group>";
		};
/* End PBXGroup section */

/* Begin PBXNativeTarget section */
		324193BD26294890001E5AB4 /* sketch001 */ = {
			isa = PBXNativeTarget;
			buildConfigurationList = 324193E82629489E001E5AB4 /* Build configuration list for PBXNativeTarget "sketch001" */;
			buildPhases = (
				324193BA26294890001E5AB4 /* Sources */,
				324193BB26294890001E5AB4 /* Frameworks */,
				324193BC26294890001E5AB4 /* Resources */,
			);
			buildRules = (
			);
			dependencies = (
			);
			name = sketch001;
			productName = sketch001;
			productReference = 324193BE26294890001E5AB4 /* sketch001.app */;
			productType = "com.apple.product-type.application";
		};
		324193D32629489E001E5AB4 /* sketch001Tests */ = {
			isa = PBXNativeTarget;
			buildConfigurationList = 324193EB2629489E001E5AB4 /* Build configuration list for PBXNativeTarget "sketch001Tests" */;
			buildPhases = (
				324193D02629489E001E5AB4 /* Sources */,
				324193D12629489E001E5AB4 /* Frameworks */,
				324193D22629489E001E5AB4 /* Resources */,
			);
			buildRules = (
			);
			dependencies = (
				324193D62629489E001E5AB4 /* PBXTargetDependency */,
			);
			name = sketch001Tests;
			productName = sketch001Tests;
			productReference = 324193D42629489E001E5AB4 /* sketch001Tests.xctest */;
			productType = "com.apple.product-type.bundle.unit-test";
		};
		324193DE2629489E001E5AB4 /* sketch001UITests */ = {
			isa = PBXNativeTarget;
			buildConfigurationList = 324193EE2629489E001E5AB4 /* Build configuration list for PBXNativeTarget "sketch001UITests" */;
			buildPhases = (
				324193DB2629489E001E5AB4 /* Sources */,
				324193DC2629489E001E5AB4 /* Frameworks */,
				324193DD2629489E001E5AB4 /* Resources */,
			);
			buildRules = (
			);
			dependencies = (
				324193E12629489E001E5AB4 /* PBXTargetDependency */,
			);
			name = sketch001UITests;
			productName = sketch001UITests;
			productReference = 324193DF2629489E001E5AB4 /* sketch001UITests.xctest */;
			productType = "com.apple.product-type.bundle.ui-testing";
		};
/* End PBXNativeTarget section */

/* Begin PBXProject section */
		324193B626294890001E5AB4 /* Project object */ = {
			isa = PBXProject;
			attributes = {
				LastSwiftUpdateCheck = 1240;
				LastUpgradeCheck = 1240;
				TargetAttributes = {
					324193BD26294890001E5AB4 = {
						CreatedOnToolsVersion = 12.4;
					};
					324193D32629489E001E5AB4 = {
						CreatedOnToolsVersion = 12.4;
						TestTargetID = 324193BD26294890001E5AB4;
					};
					324193DE2629489E001E5AB4 = {
						CreatedOnToolsVersion = 12.4;
						TestTargetID = 324193BD26294890001E5AB4;
					};
				};
			};
			buildConfigurationList = 324193B926294890001E5AB4 /* Build configuration list for PBXProject "sketch001" */;
			compatibilityVersion = "Xcode 9.3";
			developmentRegion = en;
			hasScannedForEncodings = 0;
			knownRegions = (
				en,
				Base,
			);
			mainGroup = 324193B526294890001E5AB4;
			productRefGroup = 324193BF26294890001E5AB4 /* Products */;
			projectDirPath = "";
			projectRoot = "";
			targets = (
				324193BD26294890001E5AB4 /* sketch001 */,
				324193D32629489E001E5AB4 /* sketch001Tests */,
				324193DE2629489E001E5AB4 /* sketch001UITests */,
			);
		};
/* End PBXProject section */

/* Begin PBXResourcesBuildPhase section */
		324193BC26294890001E5AB4 /* Resources */ = {
			isa = PBXResourcesBuildPhase;
			buildActionMask = 2147483647;
			files = (
				324193CE2629489E001E5AB4 /* LaunchScreen.storyboard in Resources */,
				324193CB2629489E001E5AB4 /* Assets.xcassets in Resources */,
				324193C926294890001E5AB4 /* Main.storyboard in Resources */,
			);
			runOnlyForDeploymentPostprocessing = 0;
		};
		324193D22629489E001E5AB4 /* Resources */ = {
			isa = PBXResourcesBuildPhase;
			buildActionMask = 2147483647;
			files = (
			);
			runOnlyForDeploymentPostprocessing = 0;
		};
		324193DD2629489E001E5AB4 /* Resources */ = {
			isa = PBXResourcesBuildPhase;
			buildActionMask = 2147483647;
			files = (
			);
			runOnlyForDeploymentPostprocessing = 0;
		};
/* End PBXResourcesBuildPhase section */

/* Begin PBXSourcesBuildPhase section */
		324193BA26294890001E5AB4 /* Sources */ = {
			isa = PBXSourcesBuildPhase;
			buildActionMask = 2147483647;
			files = (
				324193C626294890001E5AB4 /* ViewController.swift in Sources */,
				324193C226294890001E5AB4 /* AppDelegate.swift in Sources */,
				324193C426294890001E5AB4 /* SceneDelegate.swift in Sources */,
			);
			runOnlyForDeploymentPostprocessing = 0;
		};
		324193D02629489E001E5AB4 /* Sources */ = {
			isa = PBXSourcesBuildPhase;
			buildActionMask = 2147483647;
			files = (
				324193D92629489E001E5AB4 /* sketch001Tests.swift in Sources */,
			);
			runOnlyForDeploymentPostprocessing = 0;
		};
		324193DB2629489E001E5AB4 /* Sources */ = {
			isa = PBXSourcesBuildPhase;
			buildActionMask = 2147483647;
			files = (
				324193E42629489E001E5AB4 /* sketch001UITests.swift in Sources */,
			);
			runOnlyForDeploymentPostprocessing = 0;
		};
/* End PBXSourcesBuildPhase section */

/* Begin PBXTargetDependency section */
		324193D62629489E001E5AB4 /* PBXTargetDependency */ = {
			isa = PBXTargetDependency;
			target = 324193BD26294890001E5AB4 /* sketch001 */;
			targetProxy = 324193D52629489E001E5AB4 /* PBXContainerItemProxy */;
		};
		324193E12629489E001E5AB4 /* PBXTargetDependency */ = {
			isa = PBXTargetDependency;
			target = 324193BD26294890001E5AB4 /* sketch001 */;
			targetProxy = 324193E02629489E001E5AB4 /* PBXContainerItemProxy */;
		};
/* End PBXTargetDependency section */

/* Begin PBXVariantGroup section */
		324193C726294890001E5AB4 /* Main.storyboard */ = {
			isa = PBXVariantGroup;
			children = (
				324193C826294890001E5AB4 /* Base */,
			);
			name = Main.storyboard;
			sourceTree = "<group>";
		};
		324193CC2629489E001E5AB4 /* LaunchScreen.storyboard */ = {
			isa = PBXVariantGroup;
			children = (
				324193CD2629489E001E5AB4 /* Base */,
			);
			name = LaunchScreen.storyboard;
			sourceTree = "<group>";
		};
/* End PBXVariantGroup section */

/* Begin XCBuildConfiguration section */
		324193E62629489E001E5AB4 /* Debug */ = {
			isa = XCBuildConfiguration;
			buildSettings = {
				ALWAYS_SEARCH_USER_PATHS = NO;
				CLANG_ANALYZER_NONNULL = YES;
				CLANG_ANALYZER_NUMBER_OBJECT_CONVERSION = YES_AGGRESSIVE;
				CLANG_CXX_LANGUAGE_STANDARD = "gnu++14";
				CLANG_CXX_LIBRARY = "libc++";
				CLANG_ENABLE_MODULES = YES;
				CLANG_ENABLE_OBJC_ARC = YES;
				CLANG_ENABLE_OBJC_WEAK = YES;
				CLANG_WARN_BLOCK_CAPTURE_AUTORELEASING = YES;
				CLANG_WARN_BOOL_CONVERSION = YES;
				CLANG_WARN_COMMA = YES;
				CLANG_WARN_CONSTANT_CONVERSION = YES;
				CLANG_WARN_DEPRECATED_OBJC_IMPLEMENTATIONS = YES;
				CLANG_WARN_DIRECT_OBJC_ISA_USAGE = YES_ERROR;
				CLANG_WARN_DOCUMENTATION_COMMENTS = YES;
				CLANG_WARN_EMPTY_BODY = YES;
				CLANG_WARN_ENUM_CONVERSION = YES;
				CLANG_WARN_INFINITE_RECURSION = YES;
				CLANG_WARN_INT_CONVERSION = YES;
				CLANG_WARN_NON_LITERAL_NULL_CONVERSION = YES;
				CLANG_WARN_OBJC_IMPLICIT_RETAIN_SELF = YES;
				CLANG_WARN_OBJC_LITERAL_CONVERSION = YES;
				CLANG_WARN_OBJC_ROOT_CLASS = YES_ERROR;
				CLANG_WARN_QUOTED_INCLUDE_IN_FRAMEWORK_HEADER = YES;
				CLANG_WARN_RANGE_LOOP_ANALYSIS = YES;
				CLANG_WARN_STRICT_PROTOTYPES = YES;
				CLANG_WARN_SUSPICIOUS_MOVE = YES;
				CLANG_WARN_UNGUARDED_AVAILABILITY = YES_AGGRESSIVE;
				CLANG_WARN_UNREACHABLE_CODE = YES;
				CLANG_WARN__DUPLICATE_METHOD_MATCH = YES;
				COPY_PHASE_STRIP = NO;
				DEBUG_INFORMATION_FORMAT = dwarf;
				ENABLE_STRICT_OBJC_MSGSEND = YES;
				ENABLE_TESTABILITY = YES;
				GCC_C_LANGUAGE_STANDARD = gnu11;
				GCC_DYNAMIC_NO_PIC = NO;
				GCC_NO_COMMON_BLOCKS = YES;
				GCC_OPTIMIZATION_LEVEL = 0;
				GCC_PREPROCESSOR_DEFINITIONS = (
					"DEBUG=1",
					"$(inherited)",
				);
				GCC_WARN_64_TO_32_BIT_CONVERSION = YES;
				GCC_WARN_ABOUT_RETURN_TYPE = YES_ERROR;
				GCC_WARN_UNDECLARED_SELECTOR = YES;
				GCC_WARN_UNINITIALIZED_AUTOS = YES_AGGRESSIVE;
				GCC_WARN_UNUSED_FUNCTION = YES;
				GCC_WARN_UNUSED_VARIABLE = YES;
				IPHONEOS_DEPLOYMENT_TARGET = 14.4;
				MTL_ENABLE_DEBUG_INFO = INCLUDE_SOURCE;
				MTL_FAST_MATH = YES;
				ONLY_ACTIVE_ARCH = YES;
				SDKROOT = iphoneos;
				SWIFT_ACTIVE_COMPILATION_CONDITIONS = DEBUG;
				SWIFT_OPTIMIZATION_LEVEL = "-Onone";
			};
			name = Debug;
		};
		324193E72629489E001E5AB4 /* Release */ = {
			isa = XCBuildConfiguration;
			buildSettings = {
				ALWAYS_SEARCH_USER_PATHS = NO;
				CLANG_ANALYZER_NONNULL = YES;
				CLANG_ANALYZER_NUMBER_OBJECT_CONVERSION = YES_AGGRESSIVE;
				CLANG_CXX_LANGUAGE_STANDARD = "gnu++14";
				CLANG_CXX_LIBRARY = "libc++";
				CLANG_ENABLE_MODULES = YES;
				CLANG_ENABLE_OBJC_ARC = YES;
				CLANG_ENABLE_OBJC_WEAK = YES;
				CLANG_WARN_BLOCK_CAPTURE_AUTORELEASING = YES;
				CLANG_WARN_BOOL_CONVERSION = YES;
				CLANG_WARN_COMMA = YES;
				CLANG_WARN_CONSTANT_CONVERSION = YES;
				CLANG_WARN_DEPRECATED_OBJC_IMPLEMENTATIONS = YES;
				CLANG_WARN_DIRECT_OBJC_ISA_USAGE = YES_ERROR;
				CLANG_WARN_DOCUMENTATION_COMMENTS = YES;
				CLANG_WARN_EMPTY_BODY = YES;
				CLANG_WARN_ENUM_CONVERSION = YES;
				CLANG_WARN_INFINITE_RECURSION = YES;
				CLANG_WARN_INT_CONVERSION = YES;
				CLANG_WARN_NON_LITERAL_NULL_CONVERSION = YES;
				CLANG_WARN_OBJC_IMPLICIT_RETAIN_SELF = YES;
				CLANG_WARN_OBJC_LITERAL_CONVERSION = YES;
				CLANG_WARN_OBJC_ROOT_CLASS = YES_ERROR;
				CLANG_WARN_QUOTED_INCLUDE_IN_FRAMEWORK_HEADER = YES;
				CLANG_WARN_RANGE_LOOP_ANALYSIS = YES;
				CLANG_WARN_STRICT_PROTOTYPES = YES;
				CLANG_WARN_SUSPICIOUS_MOVE = YES;
				CLANG_WARN_UNGUARDED_AVAILABILITY = YES_AGGRESSIVE;
				CLANG_WARN_UNREACHABLE_CODE = YES;
				CLANG_WARN__DUPLICATE_METHOD_MATCH = YES;
				COPY_PHASE_STRIP = NO;
				DEBUG_INFORMATION_FORMAT = "dwarf-with-dsym";
				ENABLE_NS_ASSERTIONS = NO;
				ENABLE_STRICT_OBJC_MSGSEND = YES;
				GCC_C_LANGUAGE_STANDARD = gnu11;
				GCC_NO_COMMON_BLOCKS = YES;
				GCC_WARN_64_TO_32_BIT_CONVERSION = YES;
				GCC_WARN_ABOUT_RETURN_TYPE = YES_ERROR;
				GCC_WARN_UNDECLARED_SELECTOR = YES;
				GCC_WARN_UNINITIALIZED_AUTOS = YES_AGGRESSIVE;
				GCC_WARN_UNUSED_FUNCTION = YES;
				GCC_WARN_UNUSED_VARIABLE = YES;
				IPHONEOS_DEPLOYMENT_TARGET = 14.4;
				MTL_ENABLE_DEBUG_INFO = NO;
				MTL_FAST_MATH = YES;
				SDKROOT = iphoneos;
				SWIFT_COMPILATION_MODE = wholemodule;
				SWIFT_OPTIMIZATION_LEVEL = "-O";
				VALIDATE_PRODUCT = YES;
			};
			name = Release;
		};
		324193E92629489E001E5AB4 /* Debug */ = {
			isa = XCBuildConfiguration;
			buildSettings = {
				ASSETCATALOG_COMPILER_APPICON_NAME = AppIcon;
				ASSETCATALOG_COMPILER_GLOBAL_ACCENT_COLOR_NAME = AccentColor;
				CODE_SIGN_STYLE = Automatic;
				INFOPLIST_FILE = sketch001/Info.plist;
				LD_RUNPATH_SEARCH_PATHS = (
					"$(inherited)",
					"@executable_path/Frameworks",
				);
				PRODUCT_BUNDLE_IDENTIFIER = leejeeyong.sketch001;
				PRODUCT_NAME = "$(TARGET_NAME)";
				SWIFT_VERSION = 5.0;
				TARGETED_DEVICE_FAMILY = "1,2";
			};
			name = Debug;
		};
		324193EA2629489E001E5AB4 /* Release */ = {
			isa = XCBuildConfiguration;
			buildSettings = {
				ASSETCATALOG_COMPILER_APPICON_NAME = AppIcon;
				ASSETCATALOG_COMPILER_GLOBAL_ACCENT_COLOR_NAME = AccentColor;
				CODE_SIGN_STYLE = Automatic;
				INFOPLIST_FILE = sketch001/Info.plist;
				LD_RUNPATH_SEARCH_PATHS = (
					"$(inherited)",
					"@executable_path/Frameworks",
				);
				PRODUCT_BUNDLE_IDENTIFIER = leejeeyong.sketch001;
				PRODUCT_NAME = "$(TARGET_NAME)";
				SWIFT_VERSION = 5.0;
				TARGETED_DEVICE_FAMILY = "1,2";
			};
			name = Release;
		};
		324193EC2629489E001E5AB4 /* Debug */ = {
			isa = XCBuildConfiguration;
			buildSettings = {
				ALWAYS_EMBED_SWIFT_STANDARD_LIBRARIES = YES;
				BUNDLE_LOADER = "$(TEST_HOST)";
				CODE_SIGN_STYLE = Automatic;
				INFOPLIST_FILE = sketch001Tests/Info.plist;
				IPHONEOS_DEPLOYMENT_TARGET = 14.4;
				LD_RUNPATH_SEARCH_PATHS = (
					"$(inherited)",
					"@executable_path/Frameworks",
					"@loader_path/Frameworks",
				);
				PRODUCT_BUNDLE_IDENTIFIER = leejeeyong.sketch001Tests;
				PRODUCT_NAME = "$(TARGET_NAME)";
				SWIFT_VERSION = 5.0;
				TARGETED_DEVICE_FAMILY = "1,2";
				TEST_HOST = "$(BUILT_PRODUCTS_DIR)/sketch001.app/sketch001";
			};
			name = Debug;
		};
		324193ED2629489E001E5AB4 /* Release */ = {
			isa = XCBuildConfiguration;
			buildSettings = {
				ALWAYS_EMBED_SWIFT_STANDARD_LIBRARIES = YES;
				BUNDLE_LOADER = "$(TEST_HOST)";
				CODE_SIGN_STYLE = Automatic;
				INFOPLIST_FILE = sketch001Tests/Info.plist;
				IPHONEOS_DEPLOYMENT_TARGET = 14.4;
				LD_RUNPATH_SEARCH_PATHS = (
					"$(inherited)",
					"@executable_path/Frameworks",
					"@loader_path/Frameworks",
				);
				PRODUCT_BUNDLE_IDENTIFIER = leejeeyong.sketch001Tests;
				PRODUCT_NAME = "$(TARGET_NAME)";
				SWIFT_VERSION = 5.0;
				TARGETED_DEVICE_FAMILY = "1,2";
				TEST_HOST = "$(BUILT_PRODUCTS_DIR)/sketch001.app/sketch001";
			};
			name = Release;
		};
		324193EF2629489E001E5AB4 /* Debug */ = {
			isa = XCBuildConfiguration;
			buildSettings = {
				ALWAYS_EMBED_SWIFT_STANDARD_LIBRARIES = YES;
				CODE_SIGN_STYLE = Automatic;
				INFOPLIST_FILE = sketch001UITests/Info.plist;
				LD_RUNPATH_SEARCH_PATHS = (
					"$(inherited)",
					"@executable_path/Frameworks",
					"@loader_path/Frameworks",
				);
				PRODUCT_BUNDLE_IDENTIFIER = leejeeyong.sketch001UITests;
				PRODUCT_NAME = "$(TARGET_NAME)";
				SWIFT_VERSION = 5.0;
				TARGETED_DEVICE_FAMILY = "1,2";
				TEST_TARGET_NAME = sketch001;
			};
			name = Debug;
		};
		324193F02629489E001E5AB4 /* Release */ = {
			isa = XCBuildConfiguration;
			buildSettings = {
				ALWAYS_EMBED_SWIFT_STANDARD_LIBRARIES = YES;
				CODE_SIGN_STYLE = Automatic;
				INFOPLIST_FILE = sketch001UITests/Info.plist;
				LD_RUNPATH_SEARCH_PATHS = (
					"$(inherited)",
					"@executable_path/Frameworks",
					"@loader_path/Frameworks",
				);
				PRODUCT_BUNDLE_IDENTIFIER = leejeeyong.sketch001UITests;
				PRODUCT_NAME = "$(TARGET_NAME)";
				SWIFT_VERSION = 5.0;
				TARGETED_DEVICE_FAMILY = "1,2";
				TEST_TARGET_NAME = sketch001;
			};
			name = Release;
		};
/* End XCBuildConfiguration section */

/* Begin XCConfigurationList section */
		324193B926294890001E5AB4 /* Build configuration list for PBXProject "sketch001" */ = {
			isa = XCConfigurationList;
			buildConfigurations = (
				324193E62629489E001E5AB4 /* Debug */,
				324193E72629489E001E5AB4 /* Release */,
			);
			defaultConfigurationIsVisible = 0;
			defaultConfigurationName = Release;
		};
		324193E82629489E001E5AB4 /* Build configuration list for PBXNativeTarget "sketch001" */ = {
			isa = XCConfigurationList;
			buildConfigurations = (
				324193E92629489E001E5AB4 /* Debug */,
				324193EA2629489E001E5AB4 /* Release */,
			);
			defaultConfigurationIsVisible = 0;
			defaultConfigurationName = Release;
		};
		324193EB2629489E001E5AB4 /* Build configuration list for PBXNativeTarget "sketch001Tests" */ = {
			isa = XCConfigurationList;
			buildConfigurations = (
				324193EC2629489E001E5AB4 /* Debug */,
				324193ED2629489E001E5AB4 /* Release */,
			);
			defaultConfigurationIsVisible = 0;
			defaultConfigurationName = Release;
		};
		324193EE2629489E001E5AB4 /* Build configuration list for PBXNativeTarget "sketch001UITests" */ = {
			isa = XCConfigurationList;
			buildConfigurations = (
				324193EF2629489E001E5AB4 /* Debug */,
				324193F02629489E001E5AB4 /* Release */,
			);
			defaultConfigurationIsVisible = 0;
			defaultConfigurationName = Release;
		};
/* End XCConfigurationList section */
	};
	rootObject = 324193B626294890001E5AB4 /* Project object */;
}
